<?xml version="1.0" encoding="UTF-8" standalone="yes" ?>
<CodeBlocks_project_file>
	<FileVersion major="1" minor="6" />
	<Project>
		<Option title="Hello People" />
		<Option pch_mode="2" />
		<Option compiler="gcc" />
		<Build>
			<Target title="Debug">
				<Option output="bin/Debug/Hello People" prefix_auto="1" extension_auto="1" />
				<Option object_output="obj/Debug/" />
				<Option type="1" />
				<Option compiler="gcc" />
				<Compiler>
					<Add option="-g" />
				</Compiler>
			</Target>
			<Target title="Release">
				<Option output="bin/Release/Hello People" prefix_auto="1" extension_auto="1" />
				<Option object_output="obj/Release/" />
				<Option type="1" />
				<Option compiler="gcc" />
				<Compiler>
					<Add option="-O2" />
				</Compiler>
				<Linker>
					<Add option="-s" />
				</Linker>
			</Target>
		</Build>
		<Compiler>
			<Add option="-Wall" />
		</Compiler>
		<Unit filename="Customer.h" />
		<Unit filename="addCustomer().c">
			<Option compilerVar="CC" />
		</Unit>
		<Unit filename="clrscr().c">
			<Option compilerVar="CC" />
		</Unit>
		<Unit filename="deleting().c">
			<Option compilerVar="CC" />
		</Unit>
		<Unit filename="displayAllcustomer().c">
			<Option compilerVar="CC" />
		</Unit>
		<Unit filename="display_Menu().c">
			<Option compilerVar="CC" />
		</Unit>
		<Unit filename="main.c">
			<Option compilerVar="CC" />
		</Unit>
		<Unit filename="option().c">
			<Option compilerVar="CC" />
		</Unit>
		<Unit filename="readFile().c">
			<Option compilerVar="CC" />
		</Unit>
		<Unit filename="reset().c">
			<Option compilerVar="CC" />
		</Unit>
		<Unit filename="specific().c">
			<Option compilerVar="CC" />
		</Unit>
		<Unit filename="updateCustomer().c">
			<Option compilerVar="CC" />
		</Unit>
		<Unit filename="writeFile().c">
			<Option compilerVar="CC" />
		</Unit>
		<Extensions>
			<code_completion />
			<envvars />
			<debugger />
		</Extensions>
	</Project>
</CodeBlocks_project_file>
